// !$*UTF8*$!
{
	archiveVersion = 1;
	classes = {
	};
	objectVersion = 46;
	objects = {

/* Begin PBXBuildFile section */
		90366C0F1C71E4F300ADFBF2 /* main.m in Sources */ = {isa = PBXBuildFile; fileRef = 90366C0E1C71E4F300ADFBF2 /* main.m */; };
		90366C121C71E4F300ADFBF2 /* AppDelegate.m in Sources */ = {isa = PBXBuildFile; fileRef = 90366C111C71E4F300ADFBF2 /* AppDelegate.m */; };
		90366C151C71E4F300ADFBF2 /* ViewController.m in Sources */ = {isa = PBXBuildFile; fileRef = 90366C141C71E4F300ADFBF2 /* ViewController.m */; };
		90366C181C71E4F300ADFBF2 /* Main.storyboard in Resources */ = {isa = PBXBuildFile; fileRef = 90366C161C71E4F300ADFBF2 /* Main.storyboard */; };
		90366C1A1C71E4F300ADFBF2 /* Assets.xcassets in Resources */ = {isa = PBXBuildFile; fileRef = 90366C191C71E4F300ADFBF2 /* Assets.xcassets */; };
		90366C1D1C71E4F300ADFBF2 /* LaunchScreen.storyboard in Resources */ = {isa = PBXBuildFile; fileRef = 90366C1B1C71E4F300ADFBF2 /* LaunchScreen.storyboard */; };
		90366C281C71E4F300ADFBF2 /* uidynamic______Tests.m in Sources */ = {isa = PBXBuildFile; fileRef = 90366C271C71E4F300ADFBF2 /* uidynamic______Tests.m */; };
		90366C331C71E4F300ADFBF2 /* uidynamic______UITests.m in Sources */ = {isa = PBXBuildFile; fileRef = 90366C321C71E4F300ADFBF2 /* uidynamic______UITests.m */; };
/* End PBXBuildFile section */

/* Begin PBXContainerItemProxy section */
		90366C241C71E4F300ADFBF2 /* PBXContainerItemProxy */ = {
			isa = PBXContainerItemProxy;
			containerPortal = 90366C021C71E4F300ADFBF2 /* Project object */;
			proxyType = 1;
			remoteGlobalIDString = 90366C091C71E4F300ADFBF2;
			remoteInfo = "uidynamic的学习之捕捉";
		};
		90366C2F1C71E4F300ADFBF2 /* PBXContainerItemProxy */ = {
			isa = PBXContainerItemProxy;
			containerPortal = 90366C021C71E4F300ADFBF2 /* Project object */;
			proxyType = 1;
			remoteGlobalIDString = 90366C091C71E4F300ADFBF2;
			remoteInfo = "uidynamic的学习之捕捉";
		};
/* End PBXContainerItemProxy section */

/* Begin PBXFileReference section */
		90366C0A1C71E4F300ADFBF2 /* uidynamic的学习之捕捉.app */ = {isa = PBXFileReference; explicitFileType = wrapper.application; includeInIndex = 0; path = "uidynamic的学习之捕捉.app"; sourceTree = BUILT_PRODUCTS_DIR; };
		90366C0E1C71E4F300ADFBF2 /* main.m */ = {isa = PBXFileReference; lastKnownFileType = sourcecode.c.objc; path = main.m; sourceTree = "<group>"; };
		90366C101C71E4F300ADFBF2 /* AppDelegate.h */ = {isa = PBXFileReference; lastKnownFileType = sourcecode.c.h; path = AppDelegate.h; sourceTree = "<group>"; };
		90366C111C71E4F300ADFBF2 /* AppDelegate.m */ = {isa = PBXFileReference; lastKnownFileType = sourcecode.c.objc; path = AppDelegate.m; sourceTree = "<group>"; };
		90366C131C71E4F300ADFBF2 /* ViewController.h */ = {isa = PBXFileReference; lastKnownFileType = sourcecode.c.h; path = ViewController.h; sourceTree = "<group>"; };
		90366C141C71E4F300ADFBF2 /* ViewController.m */ = {isa = PBXFileReference; lastKnownFileType = sourcecode.c.objc; path = ViewController.m; sourceTree = "<group>"; };
		90366C171C71E4F300ADFBF2 /* Base */ = {isa = PBXFileReference; lastKnownFileType = file.storyboard; name = Base; path = Base.lproj/Main.storyboard; sourceTree = "<group>"; };
		90366C191C71E4F300ADFBF2 /* Assets.xcassets */ = {isa = PBXFileReference; lastKnownFileType = folder.assetcatalog; path = Assets.xcassets; sourceTree = "<group>"; };
		90366C1C1C71E4F300ADFBF2 /* Base */ = {isa = PBXFileReference; lastKnownFileType = file.storyboard; name = Base; path = Base.lproj/LaunchScreen.storyboard; sourceTree = "<group>"; };
		90366C1E1C71E4F300ADFBF2 /* Info.plist */ = {isa = PBXFileReference; lastKnownFileType = text.plist.xml; path = Info.plist; sourceTree = "<group>"; };
		90366C231C71E4F300ADFBF2 /* uidynamic的学习之捕捉Tests.xctest */ = {isa = PBXFileReference; explicitFileType = wrapper.cfbundle; includeInIndex = 0; path = "uidynamic的学习之捕捉Tests.xctest"; sourceTree = BUILT_PRODUCTS_DIR; };
		90366C271C71E4F300ADFBF2 /* uidynamic______Tests.m */ = {isa = PBXFileReference; lastKnownFileType = sourcecode.c.objc; path = "uidynamic______Tests.m"; sourceTree = "<group>"; };
		90366C291C71E4F300ADFBF2 /* Info.plist */ = {isa = PBXFileReference; lastKnownFileType = text.plist.xml; path = Info.plist; sourceTree = "<group>"; };
		90366C2E1C71E4F300ADFBF2 /* uidynamic的学习之捕捉UITests.xctest */ = {isa = PBXFileReference; explicitFileType = wrapper.cfbundle; includeInIndex = 0; path = "uidynamic的学习之捕捉UITests.xctest"; sourceTree = BUILT_PRODUCTS_DIR; };
		90366C321C71E4F300ADFBF2 /* uidynamic______UITests.m */ = {isa = PBXFileReference; lastKnownFileType = sourcecode.c.objc; path = "uidynamic______UITests.m"; sourceTree = "<group>"; };
		90366C341C71E4F300ADFBF2 /* Info.plist */ = {isa = PBXFileReference; lastKnownFileType = text.plist.xml; path = Info.plist; sourceTree = "<group>"; };
/* End PBXFileReference section */

/* Begin PBXFrameworksBuildPhase section */
		90366C071C71E4F300ADFBF2 /* Frameworks */ = {
			isa = PBXFrameworksBuildPhase;
			buildActionMask = 2147483647;
			files = (
			);
			runOnlyForDeploymentPostprocessing = 0;
		};
		90366C201C71E4F300ADFBF2 /* Frameworks */ = {
			isa = PBXFrameworksBuildPhase;
			buildActionMask = 2147483647;
			files = (
			);
			runOnlyForDeploymentPostprocessing = 0;
		};
		90366C2B1C71E4F300ADFBF2 /* Frameworks */ = {
			isa = PBXFrameworksBuildPhase;
			buildActionMask = 2147483647;
			files = (
			);
			runOnlyForDeploymentPostprocessing = 0;
		};
/* End PBXFrameworksBuildPhase section */

/* Begin PBXGroup section */
		90366C011C71E4F300ADFBF2 = {
			isa = PBXGroup;
			children = (
				90366C0C1C71E4F300ADFBF2 /* uidynamic的学习之捕捉 */,
				90366C261C71E4F300ADFBF2 /* uidynamic的学习之捕捉Tests */,
				90366C311C71E4F300ADFBF2 /* uidynamic的学习之捕捉UITests */,
				90366C0B1C71E4F300ADFBF2 /* Products */,
			);
			sourceTree = "<group>";
		};
		90366C0B1C71E4F300ADFBF2 /* Products */ = {
			isa = PBXGroup;
			children = (
				90366C0A1C71E4F300ADFBF2 /* uidynamic的学习之捕捉.app */,
				90366C231C71E4F300ADFBF2 /* uidynamic的学习之捕捉Tests.xctest */,
				90366C2E1C71E4F300ADFBF2 /* uidynamic的学习之捕捉UITests.xctest */,
			);
			name = Products;
			sourceTree = "<group>";
		};
		90366C0C1C71E4F300ADFBF2 /* uidynamic的学习之捕捉 */ = {
			isa = PBXGroup;
			children = (
				90366C101C71E4F300ADFBF2 /* AppDelegate.h */,
				90366C111C71E4F300ADFBF2 /* AppDelegate.m */,
				90366C131C71E4F300ADFBF2 /* ViewController.h */,
				90366C141C71E4F300ADFBF2 /* ViewController.m */,
				90366C161C71E4F300ADFBF2 /* Main.storyboard */,
				90366C191C71E4F300ADFBF2 /* Assets.xcassets */,
				90366C1B1C71E4F300ADFBF2 /* LaunchScreen.storyboard */,
				90366C1E1C71E4F300ADFBF2 /* Info.plist */,
				90366C0D1C71E4F300ADFBF2 /* Supporting Files */,
			);
			path = "uidynamic的学习之捕捉";
			sourceTree = "<group>";
		};
		90366C0D1C71E4F300ADFBF2 /* Supporting Files */ = {
			isa = PBXGroup;
			children = (
				90366C0E1C71E4F300ADFBF2 /* main.m */,
			);
			name = "Supporting Files";
			sourceTree = "<group>";
		};
		90366C261C71E4F300ADFBF2 /* uidynamic的学习之捕捉Tests */ = {
			isa = PBXGroup;
			children = (
				90366C271C71E4F300ADFBF2 /* uidynamic______Tests.m */,
				90366C291C71E4F300ADFBF2 /* Info.plist */,
			);
			path = "uidynamic的学习之捕捉Tests";
			sourceTree = "<group>";
		};
		90366C311C71E4F300ADFBF2 /* uidynamic的学习之捕捉UITests */ = {
			isa = PBXGroup;
			children = (
				90366C321C71E4F300ADFBF2 /* uidynamic______UITests.m */,
				90366C341C71E4F300ADFBF2 /* Info.plist */,
			);
			path = "uidynamic的学习之捕捉UITests";
			sourceTree = "<group>";
		};
/* End PBXGroup section */

/* Begin PBXNativeTarget section */
		90366C091C71E4F300ADFBF2 /* uidynamic的学习之捕捉 */ = {
			isa = PBXNativeTarget;
			buildConfigurationList = 90366C371C71E4F300ADFBF2 /* Build configuration list for PBXNativeTarget "uidynamic的学习之捕捉" */;
			buildPhases = (
				90366C061C71E4F300ADFBF2 /* Sources */,
				90366C071C71E4F300ADFBF2 /* Frameworks */,
				90366C081C71E4F300ADFBF2 /* Resources */,
			);
			buildRules = (
			);
			dependencies = (
			);
			name = "uidynamic的学习之捕捉";
			productName = "uidynamic的学习之捕捉";
			productReference = 90366C0A1C71E4F300ADFBF2 /* uidynamic的学习之捕捉.app */;
			productType = "com.apple.product-type.application";
		};
		90366C221C71E4F300ADFBF2 /* uidynamic的学习之捕捉Tests */ = {
			isa = PBXNativeTarget;
			buildConfigurationList = 90366C3A1C71E4F300ADFBF2 /* Build configuration list for PBXNativeTarget "uidynamic的学习之捕捉Tests" */;
			buildPhases = (
				90366C1F1C71E4F300ADFBF2 /* Sources */,
				90366C201C71E4F300ADFBF2 /* Frameworks */,
				90366C211C71E4F300ADFBF2 /* Resources */,
			);
			buildRules = (
			);
			dependencies = (
				90366C251C71E4F300ADFBF2 /* PBXTargetDependency */,
			);
			name = "uidynamic的学习之捕捉Tests";
			productName = "uidynamic的学习之捕捉Tests";
			productReference = 90366C231C71E4F300ADFBF2 /* uidynamic的学习之捕捉Tests.xctest */;
			productType = "com.apple.product-type.bundle.unit-test";
		};
		90366C2D1C71E4F300ADFBF2 /* uidynamic的学习之捕捉UITests */ = {
			isa = PBXNativeTarget;
			buildConfigurationList = 90366C3D1C71E4F300ADFBF2 /* Build configuration list for PBXNativeTarget "uidynamic的学习之捕捉UITests" */;
			buildPhases = (
				90366C2A1C71E4F300ADFBF2 /* Sources */,
				90366C2B1C71E4F300ADFBF2 /* Frameworks */,
				90366C2C1C71E4F300ADFBF2 /* Resources */,
			);
			buildRules = (
			);
			dependencies = (
				90366C301C71E4F300ADFBF2 /* PBXTargetDependency */,
			);
			name = "uidynamic的学习之捕捉UITests";
			productName = "uidynamic的学习之捕捉UITests";
			productReference = 90366C2E1C71E4F300ADFBF2 /* uidynamic的学习之捕捉UITests.xctest */;
			productType = "com.apple.product-type.bundle.ui-testing";
		};
/* End PBXNativeTarget section */

/* Begin PBXProject section */
		90366C021C71E4F300ADFBF2 /* Project object */ = {
			isa = PBXProject;
			attributes = {
				LastUpgradeCheck = 0720;
				ORGANIZATIONNAME = ROWENA;
				TargetAttributes = {
					90366C091C71E4F300ADFBF2 = {
						CreatedOnToolsVersion = 7.2;
					};
					90366C221C71E4F300ADFBF2 = {
						CreatedOnToolsVersion = 7.2;
						TestTargetID = 90366C091C71E4F300ADFBF2;
					};
					90366C2D1C71E4F300ADFBF2 = {
						CreatedOnToolsVersion = 7.2;
						TestTargetID = 90366C091C71E4F300ADFBF2;
					};
				};
			};
			buildConfigurationList = 90366C051C71E4F300ADFBF2 /* Build configuration list for PBXProject "uidynamic的学习之捕捉" */;
			compatibilityVersion = "Xcode 3.2";
			developmentRegion = English;
			hasScannedForEncodings = 0;
			knownRegions = (
				en,
				Base,
			);
			mainGroup = 90366C011C71E4F300ADFBF2;
			productRefGroup = 90366C0B1C71E4F300ADFBF2 /* Products */;
			projectDirPath = "";
			projectRoot = "";
			targets = (
				90366C091C71E4F300ADFBF2 /* uidynamic的学习之捕捉 */,
				90366C221C71E4F300ADFBF2 /* uidynamic的学习之捕捉Tests */,
				90366C2D1C71E4F300ADFBF2 /* uidynamic的学习之捕捉UITests */,
			);
		};
/* End PBXProject section */

/* Begin PBXResourcesBuildPhase section */
		90366C081C71E4F300ADFBF2 /* Resources */ = {
			isa = PBXResourcesBuildPhase;
			buildActionMask = 2147483647;
			files = (
				90366C1D1C71E4F300ADFBF2 /* LaunchScreen.storyboard in Resources */,
				90366C1A1C71E4F300ADFBF2 /* Assets.xcassets in Resources */,
				90366C181C71E4F300ADFBF2 /* Main.storyboard in Resources */,
			);
			runOnlyForDeploymentPostprocessing = 0;
		};
		90366C211C71E4F300ADFBF2 /* Resources */ = {
			isa = PBXResourcesBuildPhase;
			buildActionMask = 2147483647;
			files = (
			);
			runOnlyForDeploymentPostprocessing = 0;
		};
		90366C2C1C71E4F300ADFBF2 /* Resources */ = {
			isa = PBXResourcesBuildPhase;
			buildActionMask = 2147483647;
			files = (
			);
			runOnlyForDeploymentPostprocessing = 0;
		};
/* End PBXResourcesBuildPhase section */

/* Begin PBXSourcesBuildPhase section */
		90366C061C71E4F300ADFBF2 /* Sources */ = {
			isa = PBXSourcesBuildPhase;
			buildActionMask = 2147483647;
			files = (
				90366C151C71E4F300ADFBF2 /* ViewController.m in Sources */,
				90366C121C71E4F300ADFBF2 /* AppDelegate.m in Sources */,
				90366C0F1C71E4F300ADFBF2 /* main.m in Sources */,
			);
			runOnlyForDeploymentPostprocessing = 0;
		};
		90366C1F1C71E4F300ADFBF2 /* Sources */ = {
			isa = PBXSourcesBuildPhase;
			buildActionMask = 2147483647;
			files = (
				90366C281C71E4F300ADFBF2 /* uidynamic______Tests.m in Sources */,
			);
			runOnlyForDeploymentPostprocessing = 0;
		};
		90366C2A1C71E4F300ADFBF2 /* Sources */ = {
			isa = PBXSourcesBuildPhase;
			buildActionMask = 2147483647;
			files = (
				90366C331C71E4F300ADFBF2 /* uidynamic______UITests.m in Sources */,
			);
			runOnlyForDeploymentPostprocessing = 0;
		};
/* End PBXSourcesBuildPhase section */

/* Begin PBXTargetDependency section */
		90366C251C71E4F300ADFBF2 /* PBXTargetDependency */ = {
			isa = PBXTargetDependency;
			target = 90366C091C71E4F300ADFBF2 /* uidynamic的学习之捕捉 */;
			targetProxy = 90366C241C71E4F300ADFBF2 /* PBXContainerItemProxy */;
		};
		90366C301C71E4F300ADFBF2 /* PBXTargetDependency */ = {
			isa = PBXTargetDependency;
			target = 90366C091C71E4F300ADFBF2 /* uidynamic的学习之捕捉 */;
			targetProxy = 90366C2F1C71E4F300ADFBF2 /* PBXContainerItemProxy */;
		};
/* End PBXTargetDependency section */

/* Begin PBXVariantGroup section */
		90366C161C71E4F300ADFBF2 /* Main.storyboard */ = {
			isa = PBXVariantGroup;
			children = (
				90366C171C71E4F300ADFBF2 /* Base */,
			);
			name = Main.storyboard;
			sourceTree = "<group>";
		};
		90366C1B1C71E4F300ADFBF2 /* LaunchScreen.storyboard */ = {
			isa = PBXVariantGroup;
			children = (
				90366C1C1C71E4F300ADFBF2 /* Base */,
			);
			name = LaunchScreen.storyboard;
			sourceTree = "<group>";
		};
/* End PBXVariantGroup section */

/* Begin XCBuildConfiguration section */
		90366C351C71E4F300ADFBF2 /* Debug */ = {
			isa = XCBuildConfiguration;
			buildSettings = {
				ALWAYS_SEARCH_USER_PATHS = NO;
				CLANG_CXX_LANGUAGE_STANDARD = "gnu++0x";
				CLANG_CXX_LIBRARY = "libc++";
				CLANG_ENABLE_MODULES = YES;
				CLANG_ENABLE_OBJC_ARC = YES;
				CLANG_WARN_BOOL_CONVERSION = YES;
				CLANG_WARN_CONSTANT_CONVERSION = YES;
				CLANG_WARN_DIRECT_OBJC_ISA_USAGE = YES_ERROR;
				CLANG_WARN_EMPTY_BODY = YES;
				CLANG_WARN_ENUM_CONVERSION = YES;
				CLANG_WARN_INT_CONVERSION = YES;
				CLANG_WARN_OBJC_ROOT_CLASS = YES_ERROR;
				CLANG_WARN_UNREACHABLE_CODE = YES;
				CLANG_WARN__DUPLICATE_METHOD_MATCH = YES;
				"CODE_SIGN_IDENTITY[sdk=iphoneos*]" = "iPhone Developer";
				COPY_PHASE_STRIP = NO;
				DEBUG_INFORMATION_FORMAT = dwarf;
				ENABLE_STRICT_OBJC_MSGSEND = YES;
				ENABLE_TESTABILITY = YES;
				GCC_C_LANGUAGE_STANDARD = gnu99;
				GCC_DYNAMIC_NO_PIC = NO;
				GCC_NO_COMMON_BLOCKS = YES;
				GCC_OPTIMIZATION_LEVEL = 0;
				GCC_PREPROCESSOR_DEFINITIONS = (
					"DEBUG=1",
					"$(inherited)",
				);
				GCC_WARN_64_TO_32_BIT_CONVERSION = YES;
				GCC_WARN_ABOUT_RETURN_TYPE = YES_ERROR;
				GCC_WARN_UNDECLARED_SELECTOR = YES;
				GCC_WARN_UNINITIALIZED_AUTOS = YES_AGGRESSIVE;
				GCC_WARN_UNUSED_FUNCTION = YES;
				GCC_WARN_UNUSED_VARIABLE = YES;
				IPHONEOS_DEPLOYMENT_TARGET = 9.2;
				MTL_ENABLE_DEBUG_INFO = YES;
				ONLY_ACTIVE_ARCH = YES;
				SDKROOT = iphoneos;
				TARGETED_DEVICE_FAMILY = "1,2";
			};
			name = Debug;
		};
		90366C361C71E4F300ADFBF2 /* Release */ = {
			isa = XCBuildConfiguration;
			buildSettings = {
				ALWAYS_SEARCH_USER_PATHS = NO;
				CLANG_CXX_LANGUAGE_STANDARD = "gnu++0x";
				CLANG_CXX_LIBRARY = "libc++";
				CLANG_ENABLE_MODULES = YES;
				CLANG_ENABLE_OBJC_ARC = YES;
				CLANG_WARN_BOOL_CONVERSION = YES;
				CLANG_WARN_CONSTANT_CONVERSION = YES;
				CLANG_WARN_DIRECT_OBJC_ISA_USAGE = YES_ERROR;
				CLANG_WARN_EMPTY_BODY = YES;
				CLANG_WARN_ENUM_CONVERSION = YES;
				CLANG_WARN_INT_CONVERSION = YES;
				CLANG_WARN_OBJC_ROOT_CLASS = YES_ERROR;
				CLANG_WARN_UNREACHABLE_CODE = YES;
				CLANG_WARN__DUPLICATE_METHOD_MATCH = YES;
				"CODE_SIGN_IDENTITY[sdk=iphoneos*]" = "iPhone Developer";
				COPY_PHASE_STRIP = NO;
				DEBUG_INFORMATION_FORMAT = "dwarf-with-dsym";
				ENABLE_NS_ASSERTIONS = NO;
				ENABLE_STRICT_OBJC_MSGSEND = YES;
				GCC_C_LANGUAGE_STANDARD = gnu99;
				GCC_NO_COMMON_BLOCKS = YES;
				GCC_WARN_64_TO_32_BIT_CONVERSION = YES;
				GCC_WARN_ABOUT_RETURN_TYPE = YES_ERROR;
				GCC_WARN_UNDECLARED_SELECTOR = YES;
				GCC_WARN_UNINITIALIZED_AUTOS = YES_AGGRESSIVE;
				GCC_WARN_UNUSED_FUNCTION = YES;
				GCC_WARN_UNUSED_VARIABLE = YES;
				IPHONEOS_DEPLOYMENT_TARGET = 9.2;
				MTL_ENABLE_DEBUG_INFO = NO;
				SDKROOT = iphoneos;
				TARGETED_DEVICE_FAMILY = "1,2";
				VALIDATE_PRODUCT = YES;
			};
			name = Release;
		};
		90366C381C71E4F300ADFBF2 /* Debug */ = {
			isa = XCBuildConfiguration;
			buildSettings = {
				ASSETCATALOG_COMPILER_APPICON_NAME = AppIcon;
				INFOPLIST_FILE = "uidynamic的学习之捕捉/Info.plist";
				LD_RUNPATH_SEARCH_PATHS = "$(inherited) @executable_path/Frameworks";
				PRODUCT_BUNDLE_IDENTIFIER = "-.uidynamic------";
				PRODUCT_NAME = "$(TARGET_NAME)";
			};
			name = Debug;
		};
		90366C391C71E4F300ADFBF2 /* Release */ = {
			isa = XCBuildConfiguration;
			buildSettings = {
				ASSETCATALOG_COMPILER_APPICON_NAME = AppIcon;
				INFOPLIST_FILE = "uidynamic的学习之捕捉/Info.plist";
				LD_RUNPATH_SEARCH_PATHS = "$(inherited) @executable_path/Frameworks";
				PRODUCT_BUNDLE_IDENTIFIER = "-.uidynamic------";
				PRODUCT_NAME = "$(TARGET_NAME)";
			};
			name = Release;
		};
		90366C3B1C71E4F300ADFBF2 /* Debug */ = {
			isa = XCBuildConfiguration;
			buildSettings = {
				BUNDLE_LOADER = "$(TEST_HOST)";
				INFOPLIST_FILE = "uidynamic的学习之捕捉Tests/Info.plist";
				LD_RUNPATH_SEARCH_PATHS = "$(inherited) @executable_path/Frameworks @loader_path/Frameworks";
				PRODUCT_BUNDLE_IDENTIFIER = "-.uidynamic------Tests";
				PRODUCT_NAME = "$(TARGET_NAME)";
				TEST_HOST = "$(BUILT_PRODUCTS_DIR)/uidynamic的学习之捕捉.app/uidynamic的学习之捕捉";
			};
			name = Debug;
		};
		90366C3C1C71E4F300ADFBF2 /* Release */ = {
			isa = XCBuildConfiguration;
			buildSettings = {
				BUNDLE_LOADER = "$(TEST_HOST)";
				INFOPLIST_FILE = "uidynamic的学习之捕捉Tests/Info.plist";
				LD_RUNPATH_SEARCH_PATHS = "$(inherited) @executable_path/Frameworks @loader_path/Frameworks";
				PRODUCT_BUNDLE_IDENTIFIER = "-.uidynamic------Tests";
				PRODUCT_NAME = "$(TARGET_NAME)";
				TEST_HOST = "$(BUILT_PRODUCTS_DIR)/uidynamic的学习之捕捉.app/uidynamic的学习之捕捉";
			};
			name = Release;
		};
		90366C3E1C71E4F300ADFBF2 /* Debug */ = {
			isa = XCBuildConfiguration;
			buildSettings = {
				INFOPLIST_FILE = "uidynamic的学习之捕捉UITests/Info.plist";
				LD_RUNPATH_SEARCH_PATHS = "$(inherited) @executable_path/Frameworks @loader_path/Frameworks";
				PRODUCT_BUNDLE_IDENTIFIER = "-.uidynamic------UITests";
				PRODUCT_NAME = "$(TARGET_NAME)";
				TEST_TARGET_NAME = "uidynamic的学习之捕捉";
				USES_XCTRUNNER = YES;
			};
			name = Debug;
		};
		90366C3F1C71E4F300ADFBF2 /* Release */ = {
			isa = XCBuildConfiguration;
			buildSettings = {
				INFOPLIST_FILE = "uidynamic的学习之捕捉UITests/Info.plist";
				LD_RUNPATH_SEARCH_PATHS = "$(inherited) @executable_path/Frameworks @loader_path/Frameworks";
				PRODUCT_BUNDLE_IDENTIFIER = "-.uidynamic------UITests";
				PRODUCT_NAME = "$(TARGET_NAME)";
				TEST_TARGET_NAME = "uidynamic的学习之捕捉";
				USES_XCTRUNNER = YES;
			};
			name = Release;
		};
/* End XCBuildConfiguration section */

/* Begin XCConfigurationList section */
		90366C051C71E4F300ADFBF2 /* Build configuration list for PBXProject "uidynamic的学习之捕捉" */ = {
			isa = XCConfigurationList;
			buildConfigurations = (
				90366C351C71E4F300ADFBF2 /* Debug */,
				90366C361C71E4F300ADFBF2 /* Release */,
			);
			defaultConfigurationIsVisible = 0;
			defaultConfigurationName = Release;
		};
		90366C371C71E4F300ADFBF2 /* Build configuration list for PBXNativeTarget "uidynamic的学习之捕捉" */ = {
			isa = XCConfigurationList;
			buildConfigurations = (
				90366C381C71E4F300ADFBF2 /* Debug */,
				90366C391C71E4F300ADFBF2 /* Release */,
			);
			defaultConfigurationIsVisible = 0;
		};
		90366C3A1C71E4F300ADFBF2 /* Build configuration list for PBXNativeTarget "uidynamic的学习之捕捉Tests" */ = {
			isa = XCConfigurationList;
			buildConfigurations = (
				90366C3B1C71E4F300ADFBF2 /* Debug */,
				90366C3C1C71E4F300ADFBF2 /* Release */,
			);
			defaultConfigurationIsVisible = 0;
		};
		90366C3D1C71E4F300ADFBF2 /* Build configuration list for PBXNativeTarget "uidynamic的学习之捕捉UITests" */ = {
			isa = XCConfigurationList;
			buildConfigurations = (
				90366C3E1C71E4F300ADFBF2 /* Debug */,
				90366C3F1C71E4F300ADFBF2 /* Release */,
			);
			defaultConfigurationIsVisible = 0;
		};
/* End XCConfigurationList section */
	};
	rootObject = 90366C021C71E4F300ADFBF2 /* Project object */;
}
